
Microsoft Visual Studio Solution File, Format Version 12.00
# Visual Studio Version 17
VisualStudioVersion = 17.6.33829.357
MinimumVisualStudioVersion = 10.0.40219.1
Project("{FAE04EC0-301F-11D3-BF4B-00C04F79EFBC}") = "Dapper-Basic", "Dapper-Basic.csproj", "{234D8915-627E-41D9-98BF-74B3B5BF5840}"
EndProject
Global
	GlobalSection(SolutionConfigurationPlatforms) = preSolution
		Debug|Any CPU = Debug|Any CPU
		Release|Any CPU = Release|Any CPU
	EndGlobalSection
	GlobalSection(ProjectConfigurationPlatforms) = postSolution
		{234D8915-627E-41D9-98BF-74B3B5BF5840}.Debug|Any CPU.ActiveCfg = Debug|Any CPU
		{234D8915-627E-41D9-98BF-74B3B5BF5840}.Debug|Any CPU.Build.0 = Debug|Any CPU
		{234D8915-627E-41D9-98BF-74B3B5BF5840}.Release|Any CPU.ActiveCfg = Release|Any CPU
		{234D8915-627E-41D9-98BF-74B3B5BF5840}.Release|Any CPU.Build.0 = Release|Any CPU
	EndGlobalSection
	GlobalSection(SolutionProperties) = preSolution
		HideSolutionNode = FALSE
	EndGlobalSection
	GlobalSection(ExtensibilityGlobals) = postSolution
		SolutionGuid = {428DE330-C7F7-4268-B63D-BFA61AE65F84}
	EndGlobalSection
EndGlobal
