
Microsoft Visual Studio Solution File, Format Version 12.00
# Visual Studio Version 17
VisualStudioVersion = 17.6.33829.357
MinimumVisualStudioVersion = 10.0.40219.1
Project("{FAE04EC0-301F-11D3-BF4B-00C04F79EFBC}") = "SimpleInjector-Basic", "SimpleInjector-Basic.csproj", "{89C4C2A2-6D87-4E89-980F-F205846386EA}"
EndProject
Global
	GlobalSection(SolutionConfigurationPlatforms) = preSolution
		Debug|Any CPU = Debug|Any CPU
		Release|Any CPU = Release|Any CPU
	EndGlobalSection
	GlobalSection(ProjectConfigurationPlatforms) = postSolution
		{89C4C2A2-6D87-4E89-980F-F205846386EA}.Debug|Any CPU.ActiveCfg = Debug|Any CPU
		{89C4C2A2-6D87-4E89-980F-F205846386EA}.Debug|Any CPU.Build.0 = Debug|Any CPU
		{89C4C2A2-6D87-4E89-980F-F205846386EA}.Release|Any CPU.ActiveCfg = Release|Any CPU
		{89C4C2A2-6D87-4E89-980F-F205846386EA}.Release|Any CPU.Build.0 = Release|Any CPU
	EndGlobalSection
	GlobalSection(SolutionProperties) = preSolution
		HideSolutionNode = FALSE
	EndGlobalSection
	GlobalSection(ExtensibilityGlobals) = postSolution
		SolutionGuid = {5BCFB93C-D126-468C-B051-9E88A9809FCA}
	EndGlobalSection
EndGlobal
