
Microsoft Visual Studio Solution File, Format Version 12.00
# Visual Studio Version 17
VisualStudioVersion = 17.6.33829.357
MinimumVisualStudioVersion = 10.0.40219.1
Project("{FAE04EC0-301F-11D3-BF4B-00C04F79EFBC}") = "wf-ComboBox-basic", "wf-ComboBox-basic\wf-ComboBox-basic.csproj", "{5769DFA5-2351-4E2E-9B46-72F1F33704E5}"
EndProject
Global
	GlobalSection(SolutionConfigurationPlatforms) = preSolution
		Debug|Any CPU = Debug|Any CPU
		Release|Any CPU = Release|Any CPU
	EndGlobalSection
	GlobalSection(ProjectConfigurationPlatforms) = postSolution
		{5769DFA5-2351-4E2E-9B46-72F1F33704E5}.Debug|Any CPU.ActiveCfg = Debug|Any CPU
		{5769DFA5-2351-4E2E-9B46-72F1F33704E5}.Debug|Any CPU.Build.0 = Debug|Any CPU
		{5769DFA5-2351-4E2E-9B46-72F1F33704E5}.Release|Any CPU.ActiveCfg = Release|Any CPU
		{5769DFA5-2351-4E2E-9B46-72F1F33704E5}.Release|Any CPU.Build.0 = Release|Any CPU
	EndGlobalSection
	GlobalSection(SolutionProperties) = preSolution
		HideSolutionNode = FALSE
	EndGlobalSection
	GlobalSection(ExtensibilityGlobals) = postSolution
		SolutionGuid = {66BDF150-9993-4C35-A8BF-AFFC959D15D2}
	EndGlobalSection
EndGlobal
